
Microsoft Visual Studio Solution File, Format Version 12.00
# Visual Studio Version 17
VisualStudioVersion = 17.4.33205.214
MinimumVisualStudioVersion = 10.0.40219.1
Project("{FAE04EC0-301F-11D3-BF4B-00C04F79EFBC}") = "SnappTest", "SnappTest\SnappTest.csproj", "{9095C7F4-19CB-42C3-8981-624B016529B0}"
EndProject
Project("{FAE04EC0-301F-11D3-BF4B-00C04F79EFBC}") = "Entities", "Entities\Entities.csproj", "{882081D2-D041-46D9-9385-27C74EA64F3A}"
EndProject
Project("{FAE04EC0-301F-11D3-BF4B-00C04F79EFBC}") = "DataAccessLayer", "DataAccessLayer\DataAccessLayer.csproj", "{FFB589DA-F434-4EC1-B28D-28EAB2AD727C}"
EndProject
Project("{FAE04EC0-301F-11D3-BF4B-00C04F79EFBC}") = "BusinessLogicLayer", "BusinessLogicLayer\BusinessLogicLayer.csproj", "{F83BC84A-FBCB-4666-8D74-41B17D57C031}"
EndProject
Global
	GlobalSection(SolutionConfigurationPlatforms) = preSolution
		Debug|Any CPU = Debug|Any CPU
		Release|Any CPU = Release|Any CPU
	EndGlobalSection
	GlobalSection(ProjectConfigurationPlatforms) = postSolution
		{9095C7F4-19CB-42C3-8981-624B016529B0}.Debug|Any CPU.ActiveCfg = Debug|Any CPU
		{9095C7F4-19CB-42C3-8981-624B016529B0}.Debug|Any CPU.Build.0 = Debug|Any CPU
		{9095C7F4-19CB-42C3-8981-624B016529B0}.Release|Any CPU.ActiveCfg = Release|Any CPU
		{9095C7F4-19CB-42C3-8981-624B016529B0}.Release|Any CPU.Build.0 = Release|Any CPU
		{882081D2-D041-46D9-9385-27C74EA64F3A}.Debug|Any CPU.ActiveCfg = Debug|Any CPU
		{882081D2-D041-46D9-9385-27C74EA64F3A}.Debug|Any CPU.Build.0 = Debug|Any CPU
		{882081D2-D041-46D9-9385-27C74EA64F3A}.Release|Any CPU.ActiveCfg = Release|Any CPU
		{882081D2-D041-46D9-9385-27C74EA64F3A}.Release|Any CPU.Build.0 = Release|Any CPU
		{FFB589DA-F434-4EC1-B28D-28EAB2AD727C}.Debug|Any CPU.ActiveCfg = Debug|Any CPU
		{FFB589DA-F434-4EC1-B28D-28EAB2AD727C}.Debug|Any CPU.Build.0 = Debug|Any CPU
		{FFB589DA-F434-4EC1-B28D-28EAB2AD727C}.Release|Any CPU.ActiveCfg = Release|Any CPU
		{FFB589DA-F434-4EC1-B28D-28EAB2AD727C}.Release|Any CPU.Build.0 = Release|Any CPU
		{F83BC84A-FBCB-4666-8D74-41B17D57C031}.Debug|Any CPU.ActiveCfg = Debug|Any CPU
		{F83BC84A-FBCB-4666-8D74-41B17D57C031}.Debug|Any CPU.Build.0 = Debug|Any CPU
		{F83BC84A-FBCB-4666-8D74-41B17D57C031}.Release|Any CPU.ActiveCfg = Release|Any CPU
		{F83BC84A-FBCB-4666-8D74-41B17D57C031}.Release|Any CPU.Build.0 = Release|Any CPU
	EndGlobalSection
	GlobalSection(SolutionProperties) = preSolution
		HideSolutionNode = FALSE
	EndGlobalSection
	GlobalSection(ExtensibilityGlobals) = postSolution
		SolutionGuid = {3344D38A-A1F2-4B4B-8218-090FED757C13}
	EndGlobalSection
EndGlobal
